PODS:
  - Alamofire (5.4.4)
  - IQKeyboardManagerSwift (6.3.0)
  - Moya (15.0.0):
    - Moya/Core (= 15.0.0)
  - Moya/Core (15.0.0):
    - Alamofire (~> 5.0)
  - PryntTrimmerView (4.0.2)
  - SDWebImage (5.12.1):
    - SDWebImage/Core (= 5.12.1)
  - SDWebImage/Core (5.12.1)
  - SteviaLayout (4.7.3)
  - SVProgressHUD (2.2.5)
  - YPImagePicker (5.0.0):
    - PryntTrimmerView (= 4.0.2)
    - SteviaLayout (= 4.7.3)

DEPENDENCIES:
  - IQKeyboardManagerSwift (= 6.3.0)
  - Moya
  - SDWebImage (~> 5.0)
  - SVProgressHUD
  - YPImagePicker

SPEC REPOS:
  trunk:
    - Alamofire
    - IQKeyboardManagerSwift
    - Moya
    - PryntTrimmerView
    - SDWebImage
    - SteviaLayout
    - SVProgressHUD
    - YPImagePicker

SPEC CHECKSUMS:
  Alamofire: f3b09a368f1582ab751b3fff5460276e0d2cf5c9
  IQKeyboardManagerSwift: a8228c257614af98743b4cd8584637025f36358f
  Moya: 138f0573e53411fb3dc17016add0b748dfbd78ee
  PryntTrimmerView: 6a43cc90df5d99addeabd33d4ba09b1365322130
  SDWebImage: 4dc3e42d9ec0c1028b960a33ac6b637bb432207b
  SteviaLayout: c2ecdcff57d44e38fd2f65e54ad52aeae28ca0c4
  SVProgressHUD: 1428aafac632c1f86f62aa4243ec12008d7a51d6
  YPImagePicker: 1463a19a36244e209dcb03c30e63559c5afa9602

PODFILE CHECKSUM: d80629cd170584f0837e0c7dc2082d931721882f

COCOAPODS: 1.11.2
